// !$*UTF8*$!
{
	archiveVersion = 1;
	classes = {
	};
	objectVersion = 46;
	objects = {

/* Begin PBXBuildFile section */
		3C18B8ED1760E93E004D176C /* liblept.a in Frameworks */ = {isa = PBXBuildFile; fileRef = 3C18B8EB1760E93E004D176C /* liblept.a */; };
		3C18B8EE1760E93E004D176C /* libtesseract_all.a in Frameworks */ = {isa = PBXBuildFile; fileRef = 3C18B8EC1760E93E004D176C /* libtesseract_all.a */; };
		3C505FF5175F91AC004B5928 /* img_button_bg.png in Resources */ = {isa = PBXBuildFile; fileRef = 3C505FF3175F91AC004B5928 /* img_button_bg.png */; };
		3C505FF6175F91AC004B5928 /* img_button_bg@2x.png in Resources */ = {isa = PBXBuildFile; fileRef = 3C505FF4175F91AC004B5928 /* img_button_bg@2x.png */; };
		3C505FF9175F9635004B5928 /* img_clipboard.png in Resources */ = {isa = PBXBuildFile; fileRef = 3C505FF7175F9635004B5928 /* img_clipboard.png */; };
		3C505FFA175F9635004B5928 /* img_clipboard@2x.png in Resources */ = {isa = PBXBuildFile; fileRef = 3C505FF8175F9635004B5928 /* img_clipboard@2x.png */; };
		3C506000175F9B56004B5928 /* icon@2x.png in Resources */ = {isa = PBXBuildFile; fileRef = 3C505FFF175F9B56004B5928 /* icon@2x.png */; };
		3C506002175F9B99004B5928 /* icon.png in Resources */ = {isa = PBXBuildFile; fileRef = 3C506001175F9B99004B5928 /* icon.png */; };
		3C67E8A8175F29E8003E86CB /* UIKit.framework in Frameworks */ = {isa = PBXBuildFile; fileRef = 3C67E8A7175F29E8003E86CB /* UIKit.framework */; };
		3C67E8AA175F29E8003E86CB /* Foundation.framework in Frameworks */ = {isa = PBXBuildFile; fileRef = 3C67E8A9175F29E8003E86CB /* Foundation.framework */; };
		3C67E8AC175F29E8003E86CB /* CoreGraphics.framework in Frameworks */ = {isa = PBXBuildFile; fileRef = 3C67E8AB175F29E8003E86CB /* CoreGraphics.framework */; };
		3C67E8B2175F29E8003E86CB /* InfoPlist.strings in Resources */ = {isa = PBXBuildFile; fileRef = 3C67E8B0175F29E8003E86CB /* InfoPlist.strings */; };
		3C67E8B4175F29E8003E86CB /* main.m in Sources */ = {isa = PBXBuildFile; fileRef = 3C67E8B3175F29E8003E86CB /* main.m */; };
		3C67E8B8175F29E8003E86CB /* AppDelegate.m in Sources */ = {isa = PBXBuildFile; fileRef = 3C67E8B7175F29E8003E86CB /* AppDelegate.m */; };
		3C67E8BA175F29E9003E86CB /* Default.png in Resources */ = {isa = PBXBuildFile; fileRef = 3C67E8B9175F29E9003E86CB /* Default.png */; };
		3C67E8BC175F29E9003E86CB /* Default@2x.png in Resources */ = {isa = PBXBuildFile; fileRef = 3C67E8BB175F29E9003E86CB /* Default@2x.png */; };
		3C67E8BE175F29E9003E86CB /* Default-568h@2x.png in Resources */ = {isa = PBXBuildFile; fileRef = 3C67E8BD175F29E9003E86CB /* Default-568h@2x.png */; };
		3C67E8C1175F29E9003E86CB /* ViewController.m in Sources */ = {isa = PBXBuildFile; fileRef = 3C67E8C0175F29E9003E86CB /* ViewController.m */; };
		3C67E8C4175F29E9003E86CB /* ViewController.xib in Resources */ = {isa = PBXBuildFile; fileRef = 3C67E8C2175F29E9003E86CB /* ViewController.xib */; };
		3C67E968175F3216003E86CB /* Tesseract.mm in Sources */ = {isa = PBXBuildFile; fileRef = 3C67E967175F3216003E86CB /* Tesseract.mm */; };
		3C67E97D175F360A003E86CB /* image_sample.png in Resources */ = {isa = PBXBuildFile; fileRef = 3C67E97C175F360A003E86CB /* image_sample.png */; };
		3C67E98A175F3AC4003E86CB /* eng.cube.bigrams in Resources */ = {isa = PBXBuildFile; fileRef = 3C67E981175F3AC4003E86CB /* eng.cube.bigrams */; };
		3C67E98B175F3AC4003E86CB /* eng.cube.fold in Resources */ = {isa = PBXBuildFile; fileRef = 3C67E982175F3AC4003E86CB /* eng.cube.fold */; };
		3C67E98D175F3AC4003E86CB /* eng.cube.nn in Resources */ = {isa = PBXBuildFile; fileRef = 3C67E984175F3AC4003E86CB /* eng.cube.nn */; };
		3C67E98E175F3AC4003E86CB /* eng.cube.params in Resources */ = {isa = PBXBuildFile; fileRef = 3C67E985175F3AC4003E86CB /* eng.cube.params */; };
		3C67E98F175F3AC4003E86CB /* eng.cube.size in Resources */ = {isa = PBXBuildFile; fileRef = 3C67E986175F3AC4003E86CB /* eng.cube.size */; };
		3C67E990175F3AC4003E86CB /* eng.cube.word-freq in Resources */ = {isa = PBXBuildFile; fileRef = 3C67E987175F3AC4003E86CB /* eng.cube.word-freq */; };
		3C67E991175F3AC4003E86CB /* eng.tesseract_cube.nn in Resources */ = {isa = PBXBuildFile; fileRef = 3C67E988175F3AC4003E86CB /* eng.tesseract_cube.nn */; };
		3C67E992175F3AC4003E86CB /* eng.traineddata in Resources */ = {isa = PBXBuildFile; fileRef = 3C67E989175F3AC4003E86CB /* eng.traineddata */; };
		3C67E993175F3AD8003E86CB /* eng.cube.lm in Resources */ = {isa = PBXBuildFile; fileRef = 3C67E983175F3AC4003E86CB /* eng.cube.lm */; };
		3C67E995175F4CF3003E86CB /* AVFoundation.framework in Frameworks */ = {isa = PBXBuildFile; fileRef = 3C67E994175F4CF3003E86CB /* AVFoundation.framework */; };
		3C67E997175F4F8A003E86CB /* CoreMedia.framework in Frameworks */ = {isa = PBXBuildFile; fileRef = 3C67E996175F4F8A003E86CB /* CoreMedia.framework */; };
		3C67E999175F4F9D003E86CB /* CoreVideo.framework in Frameworks */ = {isa = PBXBuildFile; fileRef = 3C67E998175F4F9D003E86CB /* CoreVideo.framework */; };
/* End PBXBuildFile section */

/* Begin PBXFileReference section */
		3C18B85A1760E93D004D176C /* allheaders.h */ = {isa = PBXFileReference; fileEncoding = 4; lastKnownFileType = sourcecode.c.h; path = allheaders.h; sourceTree = "<group>"; };
		3C18B85B1760E93D004D176C /* alltypes.h */ = {isa = PBXFileReference; fileEncoding = 4; lastKnownFileType = sourcecode.c.h; path = alltypes.h; sourceTree = "<group>"; };
		3C18B85C1760E93D004D176C /* array.h */ = {isa = PBXFileReference; fileEncoding = 4; lastKnownFileType = sourcecode.c.h; path = array.h; sourceTree = "<group>"; };
		3C18B85D1760E93D004D176C /* arrayaccess.h */ = {isa = PBXFileReference; fileEncoding = 4; lastKnownFileType = sourcecode.c.h; path = arrayaccess.h; sourceTree = "<group>"; };
		3C18B85E1760E93D004D176C /* bbuffer.h */ = {isa = PBXFileReference; fileEncoding = 4; lastKnownFileType = sourcecode.c.h; path = bbuffer.h; sourceTree = "<group>"; };
		3C18B85F1760E93D004D176C /* bmf.h */ = {isa = PBXFileReference; fileEncoding = 4; lastKnownFileType = sourcecode.c.h; path = bmf.h; sourceTree = "<group>"; };
		3C18B8601760E93D004D176C /* bmp.h */ = {isa = PBXFileReference; fileEncoding = 4; lastKnownFileType = sourcecode.c.h; path = bmp.h; sourceTree = "<group>"; };
		3C18B8611760E93D004D176C /* ccbord.h */ = {isa = PBXFileReference; fileEncoding = 4; lastKnownFileType = sourcecode.c.h; path = ccbord.h; sourceTree = "<group>"; };
		3C18B8621760E93D004D176C /* dewarp.h */ = {isa = PBXFileReference; fileEncoding = 4; lastKnownFileType = sourcecode.c.h; path = dewarp.h; sourceTree = "<group>"; };
		3C18B8631760E93D004D176C /* endianness.h */ = {isa = PBXFileReference; fileEncoding = 4; lastKnownFileType = sourcecode.c.h; path = endianness.h; sourceTree = "<group>"; };
		3C18B8641760E93D004D176C /* environ.h */ = {isa = PBXFileReference; fileEncoding = 4; lastKnownFileType = sourcecode.c.h; path = environ.h; sourceTree = "<group>"; };
		3C18B8651760E93D004D176C /* freetype.h */ = {isa = PBXFileReference; fileEncoding = 4; lastKnownFileType = sourcecode.c.h; path = freetype.h; sourceTree = "<group>"; };
		3C18B8661760E93D004D176C /* gplot.h */ = {isa = PBXFileReference; fileEncoding = 4; lastKnownFileType = sourcecode.c.h; path = gplot.h; sourceTree = "<group>"; };
		3C18B8671760E93D004D176C /* heap.h */ = {isa = PBXFileReference; fileEncoding = 4; lastKnownFileType = sourcecode.c.h; path = heap.h; sourceTree = "<group>"; };
		3C18B8681760E93D004D176C /* imageio.h */ = {isa = PBXFileReference; fileEncoding = 4; lastKnownFileType = sourcecode.c.h; path = imageio.h; sourceTree = "<group>"; };
		3C18B8691760E93D004D176C /* jbclass.h */ = {isa = PBXFileReference; fileEncoding = 4; lastKnownFileType = sourcecode.c.h; path = jbclass.h; sourceTree = "<group>"; };
		3C18B86A1760E93D004D176C /* leptwin.h */ = {isa = PBXFileReference; fileEncoding = 4; lastKnownFileType = sourcecode.c.h; path = leptwin.h; sourceTree = "<group>"; };
		3C18B86B1760E93D004D176C /* list.h */ = {isa = PBXFileReference; fileEncoding = 4; lastKnownFileType = sourcecode.c.h; path = list.h; sourceTree = "<group>"; };
		3C18B86C1760E93D004D176C /* morph.h */ = {isa = PBXFileReference; fileEncoding = 4; lastKnownFileType = sourcecode.c.h; path = morph.h; sourceTree = "<group>"; };
		3C18B86D1760E93D004D176C /* pix.h */ = {isa = PBXFileReference; fileEncoding = 4; lastKnownFileType = sourcecode.c.h; path = pix.h; sourceTree = "<group>"; };
		3C18B86E1760E93D004D176C /* ptra.h */ = {isa = PBXFileReference; fileEncoding = 4; lastKnownFileType = sourcecode.c.h; path = ptra.h; sourceTree = "<group>"; };
		3C18B86F1760E93D004D176C /* queue.h */ = {isa = PBXFileReference; fileEncoding = 4; lastKnownFileType = sourcecode.c.h; path = queue.h; sourceTree = "<group>"; };
		3C18B8701760E93D004D176C /* readbarcode.h */ = {isa = PBXFileReference; fileEncoding = 4; lastKnownFileType = sourcecode.c.h; path = readbarcode.h; sourceTree = "<group>"; };
		3C18B8711760E93D004D176C /* regutils.h */ = {isa = PBXFileReference; fileEncoding = 4; lastKnownFileType = sourcecode.c.h; path = regutils.h; sourceTree = "<group>"; };
		3C18B8721760E93D004D176C /* stack.h */ = {isa = PBXFileReference; fileEncoding = 4; lastKnownFileType = sourcecode.c.h; path = stack.h; sourceTree = "<group>"; };
		3C18B8731760E93D004D176C /* sudoku.h */ = {isa = PBXFileReference; fileEncoding = 4; lastKnownFileType = sourcecode.c.h; path = sudoku.h; sourceTree = "<group>"; };
		3C18B8741760E93D004D176C /* watershed.h */ = {isa = PBXFileReference; fileEncoding = 4; lastKnownFileType = sourcecode.c.h; path = watershed.h; sourceTree = "<group>"; };
		3C18B8761760E93D004D176C /* ambigs.h */ = {isa = PBXFileReference; fileEncoding = 4; lastKnownFileType = sourcecode.c.h; path = ambigs.h; sourceTree = "<group>"; };
		3C18B8771760E93D004D176C /* apitypes.h */ = {isa = PBXFileReference; fileEncoding = 4; lastKnownFileType = sourcecode.c.h; path = apitypes.h; sourceTree = "<group>"; };
		3C18B8781760E93D004D176C /* baseapi.h */ = {isa = PBXFileReference; fileEncoding = 4; lastKnownFileType = sourcecode.c.h; path = baseapi.h; sourceTree = "<group>"; };
		3C18B8791760E93D004D176C /* basedir.h */ = {isa = PBXFileReference; fileEncoding = 4; lastKnownFileType = sourcecode.c.h; path = basedir.h; sourceTree = "<group>"; };
		3C18B87A1760E93D004D176C /* bits16.h */ = {isa = PBXFileReference; fileEncoding = 4; lastKnownFileType = sourcecode.c.h; path = bits16.h; sourceTree = "<group>"; };
		3C18B87B1760E93D004D176C /* bitvector.h */ = {isa = PBXFileReference; fileEncoding = 4; lastKnownFileType = sourcecode.c.h; path = bitvector.h; sourceTree = "<group>"; };
		3C18B87C1760E93D004D176C /* blckerr.h */ = {isa = PBXFileReference; fileEncoding = 4; lastKnownFileType = sourcecode.c.h; path = blckerr.h; sourceTree = "<group>"; };
		3C18B87D1760E93D004D176C /* blobbox.h */ = {isa = PBXFileReference; fileEncoding = 4; lastKnownFileType = sourcecode.c.h; path = blobbox.h; sourceTree = "<group>"; };
		3C18B87E1760E93D004D176C /* blobs.h */ = {isa = PBXFileReference; fileEncoding = 4; lastKnownFileType = sourcecode.c.h; path = blobs.h; sourceTree = "<group>"; };
		3C18B87F1760E93D004D176C /* blread.h */ = {isa = PBXFileReference; fileEncoding = 4; lastKnownFileType = sourcecode.c.h; path = blread.h; sourceTree = "<group>"; };
		3C18B8801760E93D004D176C /* boxread.h */ = {isa = PBXFileReference; fileEncoding = 4; lastKnownFileType = sourcecode.c.h; path = boxread.h; sourceTree = "<group>"; };
		3C18B8811760E93D004D176C /* boxword.h */ = {isa = PBXFileReference; fileEncoding = 4; lastKnownFileType = sourcecode.c.h; path = boxword.h; sourceTree = "<group>"; };
		3C18B8821760E93D004D176C /* capi.h */ = {isa = PBXFileReference; fileEncoding = 4; lastKnownFileType = sourcecode.c.h; path = capi.h; sourceTree = "<group>"; };
		3C18B8831760E93D004D176C /* ccstruct.h */ = {isa = PBXFileReference; fileEncoding = 4; lastKnownFileType = sourcecode.c.h; path = ccstruct.h; sourceTree = "<group>"; };
		3C18B8841760E93D004D176C /* ccutil.h */ = {isa = PBXFileReference; fileEncoding = 4; lastKnownFileType = sourcecode.c.h; path = ccutil.h; sourceTree = "<group>"; };
		3C18B8851760E93D004D176C /* clst.h */ = {isa = PBXFileReference; fileEncoding = 4; lastKnownFileType = sourcecode.c.h; path = clst.h; sourceTree = "<group>"; };
		3C18B8861760E93D004D176C /* control.h */ = {isa = PBXFileReference; fileEncoding = 4; lastKnownFileType = sourcecode.c.h; path = control.h; sourceTree = "<group>"; };
		3C18B8871760E93D004D176C /* coutln.h */ = {isa = PBXFileReference; fileEncoding = 4; lastKnownFileType = sourcecode.c.h; path = coutln.h; sourceTree = "<group>"; };
		3C18B8881760E93D004D176C /* crakedge.h */ = {isa = PBXFileReference; fileEncoding = 4; lastKnownFileType = sourcecode.c.h; path = crakedge.h; sourceTree = "<group>"; };
		3C18B8891760E93D004D176C /* cube_reco_context.h */ = {isa = PBXFileReference; fileEncoding = 4; lastKnownFileType = sourcecode.c.h; path = cube_reco_context.h; sourceTree = "<group>"; };
		3C18B88A1760E93D004D176C /* cubeclassifier.h */ = {isa = PBXFileReference; fileEncoding = 4; lastKnownFileType = sourcecode.c.h; path = cubeclassifier.h; sourceTree = "<group>"; };
		3C18B88B1760E93D004D176C /* detlinefit.h */ = {isa = PBXFileReference; fileEncoding = 4; lastKnownFileType = sourcecode.c.h; path = detlinefit.h; sourceTree = "<group>"; };
		3C18B88C1760E93D004D176C /* docqual.h */ = {isa = PBXFileReference; fileEncoding = 4; lastKnownFileType = sourcecode.c.h; path = docqual.h; sourceTree = "<group>"; };
		3C18B88D1760E93D004D176C /* dppoint.h */ = {isa = PBXFileReference; fileEncoding = 4; lastKnownFileType = sourcecode.c.h; path = dppoint.h; sourceTree = "<group>"; };
		3C18B88E1760E93D004D176C /* elst.h */ = {isa = PBXFileReference; fileEncoding = 4; lastKnownFileType = sourcecode.c.h; path = elst.h; sourceTree = "<group>"; };
		3C18B88F1760E93D004D176C /* elst2.h */ = {isa = PBXFileReference; fileEncoding = 4; lastKnownFileType = sourcecode.c.h; path = elst2.h; sourceTree = "<group>"; };
		3C18B8901760E93D004D176C /* equationdetect.h */ = {isa = PBXFileReference; fileEncoding = 4; lastKnownFileType = sourcecode.c.h; path = equationdetect.h; sourceTree = "<group>"; };
		3C18B8911760E93D004D176C /* errcode.h */ = {isa = PBXFileReference; fileEncoding = 4; lastKnownFileType = sourcecode.c.h; path = errcode.h; sourceTree = "<group>"; };
		3C18B8921760E93D004D176C /* fileerr.h */ = {isa = PBXFileReference; fileEncoding = 4; lastKnownFileType = sourcecode.c.h; path = fileerr.h; sourceTree = "<group>"; };
		3C18B8931760E93D004D176C /* fixspace.h */ = {isa = PBXFileReference; fileEncoding = 4; lastKnownFileType = sourcecode.c.h; path = fixspace.h; sourceTree = "<group>"; };
		3C18B8941760E93D004D176C /* fontinfo.h */ = {isa = PBXFileReference; fileEncoding = 4; lastKnownFileType = sourcecode.c.h; path = fontinfo.h; sourceTree = "<group>"; };
		3C18B8951760E93D004D176C /* genblob.h */ = {isa = PBXFileReference; fileEncoding = 4; lastKnownFileType = sourcecode.c.h; path = genblob.h; sourceTree = "<group>"; };
		3C18B8961760E93D004D176C /* genericvector.h */ = {isa = PBXFileReference; fileEncoding = 4; lastKnownFileType = sourcecode.c.h; path = genericvector.h; sourceTree = "<group>"; };
		3C18B8971760E93D004D176C /* globaloc.h */ = {isa = PBXFileReference; fileEncoding = 4; lastKnownFileType = sourcecode.c.h; path = globaloc.h; sourceTree = "<group>"; };
		3C18B8981760E93D004D176C /* hashfn.h */ = {isa = PBXFileReference; fileEncoding = 4; lastKnownFileType = sourcecode.c.h; path = hashfn.h; sourceTree = "<group>"; };
		3C18B8991760E93D004D176C /* helpers.h */ = {isa = PBXFileReference; fileEncoding = 4; lastKnownFileType = sourcecode.c.h; path = helpers.h; sourceTree = "<group>"; };
		3C18B89A1760E93D004D176C /* host.h */ = {isa = PBXFileReference; fileEncoding = 4; lastKnownFileType = sourcecode.c.h; path = host.h; sourceTree = "<group>"; };
		3C18B89B1760E93D004D176C /* hosthplb.h */ = {isa = PBXFileReference; fileEncoding = 4; lastKnownFileType = sourcecode.c.h; path = hosthplb.h; sourceTree = "<group>"; };
		3C18B89C1760E93D004D176C /* hpddef.h */ = {isa = PBXFileReference; fileEncoding = 4; lastKnownFileType = sourcecode.c.h; path = hpddef.h; sourceTree = "<group>"; };
		3C18B89D1760E93D004D176C /* hpdsizes.h */ = {isa = PBXFileReference; fileEncoding = 4; lastKnownFileType = sourcecode.c.h; path = hpdsizes.h; sourceTree = "<group>"; };
		3C18B89E1760E93D004D176C /* imgscale.h */ = {isa = PBXFileReference; fileEncoding = 4; lastKnownFileType = sourcecode.c.h; path = imgscale.h; sourceTree = "<group>"; };
		3C18B89F1760E93D004D176C /* indexmapbidi.h */ = {isa = PBXFileReference; fileEncoding = 4; lastKnownFileType = sourcecode.c.h; path = indexmapbidi.h; sourceTree = "<group>"; };
		3C18B8A01760E93D004D176C /* ipoints.h */ = {isa = PBXFileReference; fileEncoding = 4; lastKnownFileType = sourcecode.c.h; path = ipoints.h; sourceTree = "<group>"; };
		3C18B8A11760E93D004D176C /* linlsq.h */ = {isa = PBXFileReference; fileEncoding = 4; lastKnownFileType = sourcecode.c.h; path = linlsq.h; sourceTree = "<group>"; };
		3C18B8A21760E93D004D176C /* lsterr.h */ = {isa = PBXFileReference; fileEncoding = 4; lastKnownFileType = sourcecode.c.h; path = lsterr.h; sourceTree = "<group>"; };
		3C18B8A31760E93D004D176C /* ltrresultiterator.h */ = {isa = PBXFileReference; fileEncoding = 4; lastKnownFileType = sourcecode.c.h; path = ltrresultiterator.h; sourceTree = "<group>"; };
		3C18B8A41760E93D004D176C /* matrix.h */ = {isa = PBXFileReference; fileEncoding = 4; lastKnownFileType = sourcecode.c.h; path = matrix.h; sourceTree = "<group>"; };
		3C18B8A51760E93D004D176C /* memry.h */ = {isa = PBXFileReference; fileEncoding = 4; lastKnownFileType = sourcecode.c.h; path = memry.h; sourceTree = "<group>"; };
		3C18B8A61760E93D004D176C /* mfcpch.h */ = {isa = PBXFileReference; fileEncoding = 4; lastKnownFileType = sourcecode.c.h; path = mfcpch.h; sourceTree = "<group>"; };
		3C18B8A71760E93D004D176C /* mod128.h */ = {isa = PBXFileReference; fileEncoding = 4; lastKnownFileType = sourcecode.c.h; path = mod128.h; sourceTree = "<group>"; };
		3C18B8A81760E93D004D176C /* mutableiterator.h */ = {isa = PBXFileReference; fileEncoding = 4; lastKnownFileType = sourcecode.c.h; path = mutableiterator.h; sourceTree = "<group>"; };
		3C18B8A91760E93D004D176C /* ndminx.h */ = {isa = PBXFileReference; fileEncoding = 4; lastKnownFileType = sourcecode.c.h; path = ndminx.h; sourceTree = "<group>"; };
		3C18B8AA1760E93D004D176C /* normalis.h */ = {isa = PBXFileReference; fileEncoding = 4; lastKnownFileType = sourcecode.c.h; path = normalis.h; sourceTree = "<group>"; };
		3C18B8AB1760E93D004D176C /* notdll.h */ = {isa = PBXFileReference; fileEncoding = 4; lastKnownFileType = sourcecode.c.h; path = notdll.h; sourceTree = "<group>"; };
		3C18B8AC1760E93D004D176C /* nwmain.h */ = {isa = PBXFileReference; fileEncoding = 4; lastKnownFileType = sourcecode.c.h; path = nwmain.h; sourceTree = "<group>"; };
		3C18B8AD1760E93D004D176C /* ocrblock.h */ = {isa = PBXFileReference; fileEncoding = 4; lastKnownFileType = sourcecode.c.h; path = ocrblock.h; sourceTree = "<group>"; };
		3C18B8AE1760E93D004D176C /* ocrclass.h */ = {isa = PBXFileReference; fileEncoding = 4; lastKnownFileType = sourcecode.c.h; path = ocrclass.h; sourceTree = "<group>"; };
		3C18B8AF1760E93D004D176C /* ocrpara.h */ = {isa = PBXFileReference; fileEncoding = 4; lastKnownFileType = sourcecode.c.h; path = ocrpara.h; sourceTree = "<group>"; };
		3C18B8B01760E93D004D176C /* ocrrow.h */ = {isa = PBXFileReference; fileEncoding = 4; lastKnownFileType = sourcecode.c.h; path = ocrrow.h; sourceTree = "<group>"; };
		3C18B8B11760E93D004D176C /* osdetect.h */ = {isa = PBXFileReference; fileEncoding = 4; lastKnownFileType = sourcecode.c.h; path = osdetect.h; sourceTree = "<group>"; };
		3C18B8B21760E93D004D176C /* otsuthr.h */ = {isa = PBXFileReference; fileEncoding = 4; lastKnownFileType = sourcecode.c.h; path = otsuthr.h; sourceTree = "<group>"; };
		3C18B8B31760E93D004D176C /* output.h */ = {isa = PBXFileReference; fileEncoding = 4; lastKnownFileType = sourcecode.c.h; path = output.h; sourceTree = "<group>"; };
		3C18B8B41760E93D004D176C /* pageiterator.h */ = {isa = PBXFileReference; fileEncoding = 4; lastKnownFileType = sourcecode.c.h; path = pageiterator.h; sourceTree = "<group>"; };
		3C18B8B51760E93D004D176C /* pageres.h */ = {isa = PBXFileReference; fileEncoding = 4; lastKnownFileType = sourcecode.c.h; path = pageres.h; sourceTree = "<group>"; };
		3C18B8B61760E93D004D176C /* paragraphs.h */ = {isa = PBXFileReference; fileEncoding = 4; lastKnownFileType = sourcecode.c.h; path = paragraphs.h; sourceTree = "<group>"; };
		3C18B8B71760E93D004D176C /* paragraphs_internal.h */ = {isa = PBXFileReference; fileEncoding = 4; lastKnownFileType = sourcecode.c.h; path = paragraphs_internal.h; sourceTree = "<group>"; };
		3C18B8B81760E93D004D176C /* params.h */ = {isa = PBXFileReference; fileEncoding = 4; lastKnownFileType = sourcecode.c.h; path = params.h; sourceTree = "<group>"; };
		3C18B8B91760E93D004D176C /* params_training_featdef.h */ = {isa = PBXFileReference; fileEncoding = 4; lastKnownFileType = sourcecode.c.h; path = params_training_featdef.h; sourceTree = "<group>"; };
		3C18B8BA1760E93D004D176C /* paramsd.h */ = {isa = PBXFileReference; fileEncoding = 4; lastKnownFileType = sourcecode.c.h; path = paramsd.h; sourceTree = "<group>"; };
		3C18B8BB1760E93D004D176C /* pdblock.h */ = {isa = PBXFileReference; fileEncoding = 4; lastKnownFileType = sourcecode.c.h; path = pdblock.h; sourceTree = "<group>"; };
		3C18B8BC1760E93D004D176C /* pgedit.h */ = {isa = PBXFileReference; fileEncoding = 4; lastKnownFileType = sourcecode.c.h; path = pgedit.h; sourceTree = "<group>"; };
		3C18B8BD1760E93D004D176C /* platform.h */ = {isa = PBXFileReference; fileEncoding = 4; lastKnownFileType = sourcecode.c.h; path = platform.h; sourceTree = "<group>"; };
		3C18B8BE1760E93D004D176C /* points.h */ = {isa = PBXFileReference; fileEncoding = 4; lastKnownFileType = sourcecode.c.h; path = points.h; sourceTree = "<group>"; };
		3C18B8BF1760E93D004D176C /* polyaprx.h */ = {isa = PBXFileReference; fileEncoding = 4; lastKnownFileType = sourcecode.c.h; path = polyaprx.h; sourceTree = "<group>"; };
		3C18B8C01760E93D004D176C /* polyblk.h */ = {isa = PBXFileReference; fileEncoding = 4; lastKnownFileType = sourcecode.c.h; path = polyblk.h; sourceTree = "<group>"; };
		3C18B8C11760E93D004D176C /* publictypes.h */ = {isa = PBXFileReference; fileEncoding = 4; lastKnownFileType = sourcecode.c.h; path = publictypes.h; sourceTree = "<group>"; };
		3C18B8C21760E93D004D176C /* qrsequence.h */ = {isa = PBXFileReference; fileEncoding = 4; lastKnownFileType = sourcecode.c.h; path = qrsequence.h; sourceTree = "<group>"; };
		3C18B8C31760E93D004D176C /* quadlsq.h */ = {isa = PBXFileReference; fileEncoding = 4; lastKnownFileType = sourcecode.c.h; path = quadlsq.h; sourceTree = "<group>"; };
		3C18B8C41760E93D004D176C /* quadratc.h */ = {isa = PBXFileReference; fileEncoding = 4; lastKnownFileType = sourcecode.c.h; path = quadratc.h; sourceTree = "<group>"; };
		3C18B8C51760E93D004D176C /* quspline.h */ = {isa = PBXFileReference; fileEncoding = 4; lastKnownFileType = sourcecode.c.h; path = quspline.h; sourceTree = "<group>"; };
		3C18B8C61760E93D004D176C /* ratngs.h */ = {isa = PBXFileReference; fileEncoding = 4; lastKnownFileType = sourcecode.c.h; path = ratngs.h; sourceTree = "<group>"; };
		3C18B8C71760E93D004D176C /* rect.h */ = {isa = PBXFileReference; fileEncoding = 4; lastKnownFileType = sourcecode.c.h; path = rect.h; sourceTree = "<group>"; };
		3C18B8C81760E93D004D176C /* rejctmap.h */ = {isa = PBXFileReference; fileEncoding = 4; lastKnownFileType = sourcecode.c.h; path = rejctmap.h; sourceTree = "<group>"; };
		3C18B8C91760E93D004D176C /* reject.h */ = {isa = PBXFileReference; fileEncoding = 4; lastKnownFileType = sourcecode.c.h; path = reject.h; sourceTree = "<group>"; };
		3C18B8CA1760E93D004D176C /* resultiterator.h */ = {isa = PBXFileReference; fileEncoding = 4; lastKnownFileType = sourcecode.c.h; path = resultiterator.h; sourceTree = "<group>"; };
		3C18B8CB1760E93D004D176C /* scaleimg.h */ = {isa = PBXFileReference; fileEncoding = 4; lastKnownFileType = sourcecode.c.h; path = scaleimg.h; sourceTree = "<group>"; };
		3C18B8CC1760E93D004D176C /* scanutils.h */ = {isa = PBXFileReference; fileEncoding = 4; lastKnownFileType = sourcecode.c.h; path = scanutils.h; sourceTree = "<group>"; };
		3C18B8CD1760E93D004D176C /* seam.h */ = {isa = PBXFileReference; fileEncoding = 4; lastKnownFileType = sourcecode.c.h; path = seam.h; sourceTree = "<group>"; };
		3C18B8CE1760E93D004D176C /* secname.h */ = {isa = PBXFileReference; fileEncoding = 4; lastKnownFileType = sourcecode.c.h; path = secname.h; sourceTree = "<group>"; };
		3C18B8CF1760E93D004D176C /* serialis.h */ = {isa = PBXFileReference; fileEncoding = 4; lastKnownFileType = sourcecode.c.h; path = serialis.h; sourceTree = "<group>"; };
		3C18B8D01760E93D004D176C /* sorthelper.h */ = {isa = PBXFileReference; fileEncoding = 4; lastKnownFileType = sourcecode.c.h; path = sorthelper.h; sourceTree = "<group>"; };
		3C18B8D11760E93D004D176C /* split.h */ = {isa = PBXFileReference; fileEncoding = 4; lastKnownFileType = sourcecode.c.h; path = split.h; sourceTree = "<group>"; };
		3C18B8D21760E93D004D176C /* statistc.h */ = {isa = PBXFileReference; fileEncoding = 4; lastKnownFileType = sourcecode.c.h; path = statistc.h; sourceTree = "<group>"; };
		3C18B8D31760E93D004D176C /* stderr.h */ = {isa = PBXFileReference; fileEncoding = 4; lastKnownFileType = sourcecode.c.h; path = stderr.h; sourceTree = "<group>"; };
		3C18B8D41760E93D004D176C /* stepblob.h */ = {isa = PBXFileReference; fileEncoding = 4; lastKnownFileType = sourcecode.c.h; path = stepblob.h; sourceTree = "<group>"; };
		3C18B8D51760E93D004D176C /* strngs.h */ = {isa = PBXFileReference; fileEncoding = 4; lastKnownFileType = sourcecode.c.h; path = strngs.h; sourceTree = "<group>"; };
		3C18B8D61760E93D004D176C /* tessbox.h */ = {isa = PBXFileReference; fileEncoding = 4; lastKnownFileType = sourcecode.c.h; path = tessbox.h; sourceTree = "<group>"; };
		3C18B8D71760E93D004D176C /* tesscallback.h */ = {isa = PBXFileReference; fileEncoding = 4; lastKnownFileType = sourcecode.c.h; path = tesscallback.h; sourceTree = "<group>"; };
		3C18B8D81760E93D004D176C /* tessdatamanager.h */ = {isa = PBXFileReference; fileEncoding = 4; lastKnownFileType = sourcecode.c.h; path = tessdatamanager.h; sourceTree = "<group>"; };
		3C18B8D91760E93D004D176C /* tessedit.h */ = {isa = PBXFileReference; fileEncoding = 4; lastKnownFileType = sourcecode.c.h; path = tessedit.h; sourceTree = "<group>"; };
		3C18B8DA1760E93D004D176C /* tesseract_cube_combiner.h */ = {isa = PBXFileReference; fileEncoding = 4; lastKnownFileType = sourcecode.c.h; path = tesseract_cube_combiner.h; sourceTree = "<group>"; };
		3C18B8DB1760E93D004D176C /* tesseractclass.h */ = {isa = PBXFileReference; fileEncoding = 4; lastKnownFileType = sourcecode.c.h; path = tesseractclass.h; sourceTree = "<group>"; };
		3C18B8DC1760E93D004D176C /* tesseractmain.h */ = {isa = PBXFileReference; fileEncoding = 4; lastKnownFileType = sourcecode.c.h; path = tesseractmain.h; sourceTree = "<group>"; };
		3C18B8DD1760E93D004D176C /* tessvars.h */ = {isa = PBXFileReference; fileEncoding = 4; lastKnownFileType = sourcecode.c.h; path = tessvars.h; sourceTree = "<group>"; };
		3C18B8DE1760E93D004D176C /* tfacep.h */ = {isa = PBXFileReference; fileEncoding = 4; lastKnownFileType = sourcecode.c.h; path = tfacep.h; sourceTree = "<group>"; };
		3C18B8DF1760E93D004D176C /* tfacepp.h */ = {isa = PBXFileReference; fileEncoding = 4; lastKnownFileType = sourcecode.c.h; path = tfacepp.h; sourceTree = "<group>"; };
		3C18B8E01760E93D004D176C /* thresholder.h */ = {isa = PBXFileReference; fileEncoding = 4; lastKnownFileType = sourcecode.c.h; path = thresholder.h; sourceTree = "<group>"; };
		3C18B8E11760E93D004D176C /* tprintf.h */ = {isa = PBXFileReference; fileEncoding = 4; lastKnownFileType = sourcecode.c.h; path = tprintf.h; sourceTree = "<group>"; };
		3C18B8E21760E93D004D176C /* unichar.h */ = {isa = PBXFileReference; fileEncoding = 4; lastKnownFileType = sourcecode.c.h; path = unichar.h; sourceTree = "<group>"; };
		3C18B8E31760E93D004D176C /* unicharmap.h */ = {isa = PBXFileReference; fileEncoding = 4; lastKnownFileType = sourcecode.c.h; path = unicharmap.h; sourceTree = "<group>"; };
		3C18B8E41760E93D004D176C /* unicharset.h */ = {isa = PBXFileReference; fileEncoding = 4; lastKnownFileType = sourcecode.c.h; path = unicharset.h; sourceTree = "<group>"; };
		3C18B8E51760E93D004D176C /* unicity_table.h */ = {isa = PBXFileReference; fileEncoding = 4; lastKnownFileType = sourcecode.c.h; path = unicity_table.h; sourceTree = "<group>"; };
		3C18B8E61760E93D004D176C /* unicodes.h */ = {isa = PBXFileReference; fileEncoding = 4; lastKnownFileType = sourcecode.c.h; path = unicodes.h; sourceTree = "<group>"; };
		3C18B8E71760E93D004D176C /* vecfuncs.h */ = {isa = PBXFileReference; fileEncoding = 4; lastKnownFileType = sourcecode.c.h; path = vecfuncs.h; sourceTree = "<group>"; };
		3C18B8E81760E93E004D176C /* werd.h */ = {isa = PBXFileReference; fileEncoding = 4; lastKnownFileType = sourcecode.c.h; path = werd.h; sourceTree = "<group>"; };
		3C18B8E91760E93E004D176C /* werdit.h */ = {isa = PBXFileReference; fileEncoding = 4; lastKnownFileType = sourcecode.c.h; path = werdit.h; sourceTree = "<group>"; };
		3C18B8EB1760E93E004D176C /* liblept.a */ = {isa = PBXFileReference; lastKnownFileType = archive.ar; path = liblept.a; sourceTree = "<group>"; };
		3C18B8EC1760E93E004D176C /* libtesseract_all.a */ = {isa = PBXFileReference; lastKnownFileType = archive.ar; path = libtesseract_all.a; sourceTree = "<group>"; };
		3C505FF3175F91AC004B5928 /* img_button_bg.png */ = {isa = PBXFileReference; lastKnownFileType = image.png; path = img_button_bg.png; sourceTree = "<group>"; };
		3C505FF4175F91AC004B5928 /* img_button_bg@2x.png */ = {isa = PBXFileReference; lastKnownFileType = image.png; path = "img_button_bg@2x.png"; sourceTree = "<group>"; };
		3C505FF7175F9635004B5928 /* img_clipboard.png */ = {isa = PBXFileReference; lastKnownFileType = image.png; path = img_clipboard.png; sourceTree = "<group>"; };
		3C505FF8175F9635004B5928 /* img_clipboard@2x.png */ = {isa = PBXFileReference; lastKnownFileType = image.png; path = "img_clipboard@2x.png"; sourceTree = "<group>"; };
		3C505FFF175F9B56004B5928 /* icon@2x.png */ = {isa = PBXFileReference; lastKnownFileType = image.png; name = "icon@2x.png"; path = "../icon@2x.png"; sourceTree = "<group>"; };
		3C506001175F9B99004B5928 /* icon.png */ = {isa = PBXFileReference; lastKnownFileType = image.png; name = icon.png; path = ../icon.png; sourceTree = "<group>"; };
		3C67E8A4175F29E8003E86CB /* TextScan.app */ = {isa = PBXFileReference; explicitFileType = wrapper.application; includeInIndex = 0; path = TextScan.app; sourceTree = BUILT_PRODUCTS_DIR; };
		3C67E8A7175F29E8003E86CB /* UIKit.framework */ = {isa = PBXFileReference; lastKnownFileType = wrapper.framework; name = UIKit.framework; path = System/Library/Frameworks/UIKit.framework; sourceTree = SDKROOT; };
		3C67E8A9175F29E8003E86CB /* Foundation.framework */ = {isa = PBXFileReference; lastKnownFileType = wrapper.framework; name = Foundation.framework; path = System/Library/Frameworks/Foundation.framework; sourceTree = SDKROOT; };
		3C67E8AB175F29E8003E86CB /* CoreGraphics.framework */ = {isa = PBXFileReference; lastKnownFileType = wrapper.framework; name = CoreGraphics.framework; path = System/Library/Frameworks/CoreGraphics.framework; sourceTree = SDKROOT; };
		3C67E8AF175F29E8003E86CB /* TextScan-Info.plist */ = {isa = PBXFileReference; lastKnownFileType = text.plist.xml; path = "TextScan-Info.plist"; sourceTree = "<group>"; };
		3C67E8B1175F29E8003E86CB /* en */ = {isa = PBXFileReference; lastKnownFileType = text.plist.strings; name = en; path = en.lproj/InfoPlist.strings; sourceTree = "<group>"; };
		3C67E8B3175F29E8003E86CB /* main.m */ = {isa = PBXFileReference; lastKnownFileType = sourcecode.c.objc; path = main.m; sourceTree = "<group>"; };
		3C67E8B5175F29E8003E86CB /* TextScan-Prefix.pch */ = {isa = PBXFileReference; lastKnownFileType = sourcecode.c.h; path = "TextScan-Prefix.pch"; sourceTree = "<group>"; };
		3C67E8B6175F29E8003E86CB /* AppDelegate.h */ = {isa = PBXFileReference; lastKnownFileType = sourcecode.c.h; path = AppDelegate.h; sourceTree = "<group>"; };
		3C67E8B7175F29E8003E86CB /* AppDelegate.m */ = {isa = PBXFileReference; lastKnownFileType = sourcecode.c.objc; path = AppDelegate.m; sourceTree = "<group>"; };
		3C67E8B9175F29E9003E86CB /* Default.png */ = {isa = PBXFileReference; lastKnownFileType = image.png; path = Default.png; sourceTree = "<group>"; };
		3C67E8BB175F29E9003E86CB /* Default@2x.png */ = {isa = PBXFileReference; lastKnownFileType = image.png; path = "Default@2x.png"; sourceTree = "<group>"; };
		3C67E8BD175F29E9003E86CB /* Default-568h@2x.png */ = {isa = PBXFileReference; lastKnownFileType = image.png; path = "Default-568h@2x.png"; sourceTree = "<group>"; };
		3C67E8BF175F29E9003E86CB /* ViewController.h */ = {isa = PBXFileReference; lastKnownFileType = sourcecode.c.h; path = ViewController.h; sourceTree = "<group>"; };
		3C67E8C0175F29E9003E86CB /* ViewController.m */ = {isa = PBXFileReference; lastKnownFileType = sourcecode.c.objc; path = ViewController.m; sourceTree = "<group>"; };
		3C67E8C3175F29E9003E86CB /* en */ = {isa = PBXFileReference; lastKnownFileType = file.xib; name = en; path = en.lproj/ViewController.xib; sourceTree = "<group>"; };
		3C67E966175F3216003E86CB /* Tesseract.h */ = {isa = PBXFileReference; fileEncoding = 4; lastKnownFileType = sourcecode.c.h; path = Tesseract.h; sourceTree = "<group>"; };
		3C67E967175F3216003E86CB /* Tesseract.mm */ = {isa = PBXFileReference; fileEncoding = 4; lastKnownFileType = sourcecode.cpp.objcpp; path = Tesseract.mm; sourceTree = "<group>"; };
		3C67E97C175F360A003E86CB /* image_sample.png */ = {isa = PBXFileReference; lastKnownFileType = image.png; path = image_sample.png; sourceTree = "<group>"; };
		3C67E981175F3AC4003E86CB /* eng.cube.bigrams */ = {isa = PBXFileReference; fileEncoding = 4; lastKnownFileType = text; path = eng.cube.bigrams; sourceTree = "<group>"; };
		3C67E982175F3AC4003E86CB /* eng.cube.fold */ = {isa = PBXFileReference; fileEncoding = 4; lastKnownFileType = text; path = eng.cube.fold; sourceTree = "<group>"; };
		3C67E983175F3AC4003E86CB /* eng.cube.lm */ = {isa = PBXFileReference; explicitFileType = text; fileEncoding = 4; path = eng.cube.lm; sourceTree = "<group>"; };
		3C67E984175F3AC4003E86CB /* eng.cube.nn */ = {isa = PBXFileReference; lastKnownFileType = file; path = eng.cube.nn; sourceTree = "<group>"; };
		3C67E985175F3AC4003E86CB /* eng.cube.params */ = {isa = PBXFileReference; fileEncoding = 4; lastKnownFileType = text; path = eng.cube.params; sourceTree = "<group>"; };
		3C67E986175F3AC4003E86CB /* eng.cube.size */ = {isa = PBXFileReference; fileEncoding = 4; lastKnownFileType = text; path = eng.cube.size; sourceTree = "<group>"; };
		3C67E987175F3AC4003E86CB /* eng.cube.word-freq */ = {isa = PBXFileReference; fileEncoding = 4; lastKnownFileType = text; path = "eng.cube.word-freq"; sourceTree = "<group>"; };
		3C67E988175F3AC4003E86CB /* eng.tesseract_cube.nn */ = {isa = PBXFileReference; lastKnownFileType = file; path = eng.tesseract_cube.nn; sourceTree = "<group>"; };
		3C67E989175F3AC4003E86CB /* eng.traineddata */ = {isa = PBXFileReference; lastKnownFileType = file; path = eng.traineddata; sourceTree = "<group>"; };
		3C67E994175F4CF3003E86CB /* AVFoundation.framework */ = {isa = PBXFileReference; lastKnownFileType = wrapper.framework; name = AVFoundation.framework; path = System/Library/Frameworks/AVFoundation.framework; sourceTree = SDKROOT; };
		3C67E996175F4F8A003E86CB /* CoreMedia.framework */ = {isa = PBXFileReference; lastKnownFileType = wrapper.framework; name = CoreMedia.framework; path = System/Library/Frameworks/CoreMedia.framework; sourceTree = SDKROOT; };
		3C67E998175F4F9D003E86CB /* CoreVideo.framework */ = {isa = PBXFileReference; lastKnownFileType = wrapper.framework; name = CoreVideo.framework; path = System/Library/Frameworks/CoreVideo.framework; sourceTree = SDKROOT; };
/* End PBXFileReference section */

/* Begin PBXFrameworksBuildPhase section */
		3C67E8A1175F29E8003E86CB /* Frameworks */ = {
			isa = PBXFrameworksBuildPhase;
			buildActionMask = 2147483647;
			files = (
				3C67E999175F4F9D003E86CB /* CoreVideo.framework in Frameworks */,
				3C67E997175F4F8A003E86CB /* CoreMedia.framework in Frameworks */,
				3C67E995175F4CF3003E86CB /* AVFoundation.framework in Frameworks */,
				3C67E8A8175F29E8003E86CB /* UIKit.framework in Frameworks */,
				3C67E8AA175F29E8003E86CB /* Foundation.framework in Frameworks */,
				3C67E8AC175F29E8003E86CB /* CoreGraphics.framework in Frameworks */,
				3C18B8ED1760E93E004D176C /* liblept.a in Frameworks */,
				3C18B8EE1760E93E004D176C /* libtesseract_all.a in Frameworks */,
			);
			runOnlyForDeploymentPostprocessing = 0;
		};
/* End PBXFrameworksBuildPhase section */

/* Begin PBXGroup section */
		3C18B8571760E93D004D176C /* tesseract-ios-lib */ = {
			isa = PBXGroup;
			children = (
				3C18B8581760E93D004D176C /* include */,
				3C18B8EA1760E93E004D176C /* lib */,
			);
			name = "tesseract-ios-lib";
			path = "tesseract/tesseract-ios-lib";
			sourceTree = "<group>";
		};
		3C18B8581760E93D004D176C /* include */ = {
			isa = PBXGroup;
			children = (
				3C18B8591760E93D004D176C /* leptonica */,
				3C18B8751760E93D004D176C /* tesseract */,
			);
			path = include;
			sourceTree = "<group>";
		};
		3C18B8591760E93D004D176C /* leptonica */ = {
			isa = PBXGroup;
			children = (
				3C18B85A1760E93D004D176C /* allheaders.h */,
				3C18B85B1760E93D004D176C /* alltypes.h */,
				3C18B85C1760E93D004D176C /* array.h */,
				3C18B85D1760E93D004D176C /* arrayaccess.h */,
				3C18B85E1760E93D004D176C /* bbuffer.h */,
				3C18B85F1760E93D004D176C /* bmf.h */,
				3C18B8601760E93D004D176C /* bmp.h */,
				3C18B8611760E93D004D176C /* ccbord.h */,
				3C18B8621760E93D004D176C /* dewarp.h */,
				3C18B8631760E93D004D176C /* endianness.h */,
				3C18B8641760E93D004D176C /* environ.h */,
				3C18B8651760E93D004D176C /* freetype.h */,
				3C18B8661760E93D004D176C /* gplot.h */,
				3C18B8671760E93D004D176C /* heap.h */,
				3C18B8681760E93D004D176C /* imageio.h */,
				3C18B8691760E93D004D176C /* jbclass.h */,
				3C18B86A1760E93D004D176C /* leptwin.h */,
				3C18B86B1760E93D004D176C /* list.h */,
				3C18B86C1760E93D004D176C /* morph.h */,
				3C18B86D1760E93D004D176C /* pix.h */,
				3C18B86E1760E93D004D176C /* ptra.h */,
				3C18B86F1760E93D004D176C /* queue.h */,
				3C18B8701760E93D004D176C /* readbarcode.h */,
				3C18B8711760E93D004D176C /* regutils.h */,
				3C18B8721760E93D004D176C /* stack.h */,
				3C18B8731760E93D004D176C /* sudoku.h */,
				3C18B8741760E93D004D176C /* watershed.h */,
			);
			path = leptonica;
			sourceTree = "<group>";
		};
		3C18B8751760E93D004D176C /* tesseract */ = {
			isa = PBXGroup;
			children = (
				3C18B8761760E93D004D176C /* ambigs.h */,
				3C18B8771760E93D004D176C /* apitypes.h */,
				3C18B8781760E93D004D176C /* baseapi.h */,
				3C18B8791760E93D004D176C /* basedir.h */,
				3C18B87A1760E93D004D176C /* bits16.h */,
				3C18B87B1760E93D004D176C /* bitvector.h */,
				3C18B87C1760E93D004D176C /* blckerr.h */,
				3C18B87D1760E93D004D176C /* blobbox.h */,
				3C18B87E1760E93D004D176C /* blobs.h */,
				3C18B87F1760E93D004D176C /* blread.h */,
				3C18B8801760E93D004D176C /* boxread.h */,
				3C18B8811760E93D004D176C /* boxword.h */,
				3C18B8821760E93D004D176C /* capi.h */,
				3C18B8831760E93D004D176C /* ccstruct.h */,
				3C18B8841760E93D004D176C /* ccutil.h */,
				3C18B8851760E93D004D176C /* clst.h */,
				3C18B8861760E93D004D176C /* control.h */,
				3C18B8871760E93D004D176C /* coutln.h */,
				3C18B8881760E93D004D176C /* crakedge.h */,
				3C18B8891760E93D004D176C /* cube_reco_context.h */,
				3C18B88A1760E93D004D176C /* cubeclassifier.h */,
				3C18B88B1760E93D004D176C /* detlinefit.h */,
				3C18B88C1760E93D004D176C /* docqual.h */,
				3C18B88D1760E93D004D176C /* dppoint.h */,
				3C18B88E1760E93D004D176C /* elst.h */,
				3C18B88F1760E93D004D176C /* elst2.h */,
				3C18B8901760E93D004D176C /* equationdetect.h */,
				3C18B8911760E93D004D176C /* errcode.h */,
				3C18B8921760E93D004D176C /* fileerr.h */,
				3C18B8931760E93D004D176C /* fixspace.h */,
				3C18B8941760E93D004D176C /* fontinfo.h */,
				3C18B8951760E93D004D176C /* genblob.h */,
				3C18B8961760E93D004D176C /* genericvector.h */,
				3C18B8971760E93D004D176C /* globaloc.h */,
				3C18B8981760E93D004D176C /* hashfn.h */,
				3C18B8991760E93D004D176C /* helpers.h */,
				3C18B89A1760E93D004D176C /* host.h */,
				3C18B89B1760E93D004D176C /* hosthplb.h */,
				3C18B89C1760E93D004D176C /* hpddef.h */,
				3C18B89D1760E93D004D176C /* hpdsizes.h */,
				3C18B89E1760E93D004D176C /* imgscale.h */,
				3C18B89F1760E93D004D176C /* indexmapbidi.h */,
				3C18B8A01760E93D004D176C /* ipoints.h */,
				3C18B8A11760E93D004D176C /* linlsq.h */,
				3C18B8A21760E93D004D176C /* lsterr.h */,
				3C18B8A31760E93D004D176C /* ltrresultiterator.h */,
				3C18B8A41760E93D004D176C /* matrix.h */,
				3C18B8A51760E93D004D176C /* memry.h */,
				3C18B8A61760E93D004D176C /* mfcpch.h */,
				3C18B8A71760E93D004D176C /* mod128.h */,
				3C18B8A81760E93D004D176C /* mutableiterator.h */,
				3C18B8A91760E93D004D176C /* ndminx.h */,
				3C18B8AA1760E93D004D176C /* normalis.h */,
				3C18B8AB1760E93D004D176C /* notdll.h */,
				3C18B8AC1760E93D004D176C /* nwmain.h */,
				3C18B8AD1760E93D004D176C /* ocrblock.h */,
				3C18B8AE1760E93D004D176C /* ocrclass.h */,
				3C18B8AF1760E93D004D176C /* ocrpara.h */,
				3C18B8B01760E93D004D176C /* ocrrow.h */,
				3C18B8B11760E93D004D176C /* osdetect.h */,
				3C18B8B21760E93D004D176C /* otsuthr.h */,
				3C18B8B31760E93D004D176C /* output.h */,
				3C18B8B41760E93D004D176C /* pageiterator.h */,
				3C18B8B51760E93D004D176C /* pageres.h */,
				3C18B8B61760E93D004D176C /* paragraphs.h */,
				3C18B8B71760E93D004D176C /* paragraphs_internal.h */,
				3C18B8B81760E93D004D176C /* params.h */,
				3C18B8B91760E93D004D176C /* params_training_featdef.h */,
				3C18B8BA1760E93D004D176C /* paramsd.h */,
				3C18B8BB1760E93D004D176C /* pdblock.h */,
				3C18B8BC1760E93D004D176C /* pgedit.h */,
				3C18B8BD1760E93D004D176C /* platform.h */,
				3C18B8BE1760E93D004D176C /* points.h */,
				3C18B8BF1760E93D004D176C /* polyaprx.h */,
				3C18B8C01760E93D004D176C /* polyblk.h */,
				3C18B8C11760E93D004D176C /* publictypes.h */,
				3C18B8C21760E93D004D176C /* qrsequence.h */,
				3C18B8C31760E93D004D176C /* quadlsq.h */,
				3C18B8C41760E93D004D176C /* quadratc.h */,
				3C18B8C51760E93D004D176C /* quspline.h */,
				3C18B8C61760E93D004D176C /* ratngs.h */,
				3C18B8C71760E93D004D176C /* rect.h */,
				3C18B8C81760E93D004D176C /* rejctmap.h */,
				3C18B8C91760E93D004D176C /* reject.h */,
				3C18B8CA1760E93D004D176C /* resultiterator.h */,
				3C18B8CB1760E93D004D176C /* scaleimg.h */,
				3C18B8CC1760E93D004D176C /* scanutils.h */,
				3C18B8CD1760E93D004D176C /* seam.h */,
				3C18B8CE1760E93D004D176C /* secname.h */,
				3C18B8CF1760E93D004D176C /* serialis.h */,
				3C18B8D01760E93D004D176C /* sorthelper.h */,
				3C18B8D11760E93D004D176C /* split.h */,
				3C18B8D21760E93D004D176C /* statistc.h */,
				3C18B8D31760E93D004D176C /* stderr.h */,
				3C18B8D41760E93D004D176C /* stepblob.h */,
				3C18B8D51760E93D004D176C /* strngs.h */,
				3C18B8D61760E93D004D176C /* tessbox.h */,
				3C18B8D71760E93D004D176C /* tesscallback.h */,
				3C18B8D81760E93D004D176C /* tessdatamanager.h */,
				3C18B8D91760E93D004D176C /* tessedit.h */,
				3C18B8DA1760E93D004D176C /* tesseract_cube_combiner.h */,
				3C18B8DB1760E93D004D176C /* tesseractclass.h */,
				3C18B8DC1760E93D004D176C /* tesseractmain.h */,
				3C18B8DD1760E93D004D176C /* tessvars.h */,
				3C18B8DE1760E93D004D176C /* tfacep.h */,
				3C18B8DF1760E93D004D176C /* tfacepp.h */,
				3C18B8E01760E93D004D176C /* thresholder.h */,
				3C18B8E11760E93D004D176C /* tprintf.h */,
				3C18B8E21760E93D004D176C /* unichar.h */,
				3C18B8E31760E93D004D176C /* unicharmap.h */,
				3C18B8E41760E93D004D176C /* unicharset.h */,
				3C18B8E51760E93D004D176C /* unicity_table.h */,
				3C18B8E61760E93D004D176C /* unicodes.h */,
				3C18B8E71760E93D004D176C /* vecfuncs.h */,
				3C18B8E81760E93E004D176C /* werd.h */,
				3C18B8E91760E93E004D176C /* werdit.h */,
			);
			path = tesseract;
			sourceTree = "<group>";
		};
		3C18B8EA1760E93E004D176C /* lib */ = {
			isa = PBXGroup;
			children = (
				3C18B8EB1760E93E004D176C /* liblept.a */,
				3C18B8EC1760E93E004D176C /* libtesseract_all.a */,
			);
			path = lib;
			sourceTree = "<group>";
		};
		3C67E89B175F29E8003E86CB = {
			isa = PBXGroup;
			children = (
				3C18B8571760E93D004D176C /* tesseract-ios-lib */,
				3C67E8AD175F29E8003E86CB /* tesseract */,
				3C67E8A6175F29E8003E86CB /* Frameworks */,
				3C67E8A5175F29E8003E86CB /* Products */,
			);
			sourceTree = "<group>";
		};
		3C67E8A5175F29E8003E86CB /* Products */ = {
			isa = PBXGroup;
			children = (
				3C67E8A4175F29E8003E86CB /* TextScan.app */,
			);
			name = Products;
			sourceTree = "<group>";
		};
		3C67E8A6175F29E8003E86CB /* Frameworks */ = {
			isa = PBXGroup;
			children = (
				3C67E998175F4F9D003E86CB /* CoreVideo.framework */,
				3C67E996175F4F8A003E86CB /* CoreMedia.framework */,
				3C67E994175F4CF3003E86CB /* AVFoundation.framework */,
				3C67E8A7175F29E8003E86CB /* UIKit.framework */,
				3C67E8A9175F29E8003E86CB /* Foundation.framework */,
				3C67E8AB175F29E8003E86CB /* CoreGraphics.framework */,
			);
			name = Frameworks;
			sourceTree = "<group>";
		};
		3C67E8AD175F29E8003E86CB /* tesseract */ = {
			isa = PBXGroup;
			children = (
				3C67E966175F3216003E86CB /* Tesseract.h */,
				3C67E967175F3216003E86CB /* Tesseract.mm */,
				3C67E8B6175F29E8003E86CB /* AppDelegate.h */,
				3C67E8B7175F29E8003E86CB /* AppDelegate.m */,
				3C67E8BF175F29E9003E86CB /* ViewController.h */,
				3C67E8C0175F29E9003E86CB /* ViewController.m */,
				3C67E8C2175F29E9003E86CB /* ViewController.xib */,
				3C67E8AE175F29E8003E86CB /* Supporting Files */,
			);
			path = tesseract;
			sourceTree = "<group>";
		};
		3C67E8AE175F29E8003E86CB /* Supporting Files */ = {
			isa = PBXGroup;
			children = (
				3C67E980175F3AC4003E86CB /* tessdata */,
				3C505FF3175F91AC004B5928 /* img_button_bg.png */,
				3C505FF4175F91AC004B5928 /* img_button_bg@2x.png */,
				3C505FF7175F9635004B5928 /* img_clipboard.png */,
				3C505FF8175F9635004B5928 /* img_clipboard@2x.png */,
				3C67E97C175F360A003E86CB /* image_sample.png */,
				3C67E8AF175F29E8003E86CB /* TextScan-Info.plist */,
				3C67E8B0175F29E8003E86CB /* InfoPlist.strings */,
				3C67E8B3175F29E8003E86CB /* main.m */,
				3C67E8B5175F29E8003E86CB /* TextScan-Prefix.pch */,
				3C506001175F9B99004B5928 /* icon.png */,
				3C505FFF175F9B56004B5928 /* icon@2x.png */,
				3C67E8B9175F29E9003E86CB /* Default.png */,
				3C67E8BB175F29E9003E86CB /* Default@2x.png */,
				3C67E8BD175F29E9003E86CB /* Default-568h@2x.png */,
			);
			name = "Supporting Files";
			sourceTree = "<group>";
		};
		3C67E980175F3AC4003E86CB /* tessdata */ = {
			isa = PBXGroup;
			children = (
				3C67E981175F3AC4003E86CB /* eng.cube.bigrams */,
				3C67E982175F3AC4003E86CB /* eng.cube.fold */,
				3C67E983175F3AC4003E86CB /* eng.cube.lm */,
				3C67E984175F3AC4003E86CB /* eng.cube.nn */,
				3C67E985175F3AC4003E86CB /* eng.cube.params */,
				3C67E986175F3AC4003E86CB /* eng.cube.size */,
				3C67E987175F3AC4003E86CB /* eng.cube.word-freq */,
				3C67E988175F3AC4003E86CB /* eng.tesseract_cube.nn */,
				3C67E989175F3AC4003E86CB /* eng.traineddata */,
			);
			path = tessdata;
			sourceTree = "<group>";
		};
/* End PBXGroup section */

/* Begin PBXNativeTarget section */
		3C67E8A3175F29E8003E86CB /* TextScan */ = {
			isa = PBXNativeTarget;
			buildConfigurationList = 3C67E8C7175F29E9003E86CB /* Build configuration list for PBXNativeTarget "TextScan" */;
			buildPhases = (
				3C67E8A0175F29E8003E86CB /* Sources */,
				3C67E8A1175F29E8003E86CB /* Frameworks */,
				3C67E8A2175F29E8003E86CB /* Resources */,
			);
			buildRules = (
			);
			dependencies = (
			);
			name = TextScan;
			productName = tesseract;
			productReference = 3C67E8A4175F29E8003E86CB /* TextScan.app */;
			productType = "com.apple.product-type.application";
		};
/* End PBXNativeTarget section */

/* Begin PBXProject section */
		3C67E89C175F29E8003E86CB /* Project object */ = {
			isa = PBXProject;
			attributes = {
				LastUpgradeCheck = 0460;
				ORGANIZATIONNAME = "Albert Nadal Garriga";
			};
			buildConfigurationList = 3C67E89F175F29E8003E86CB /* Build configuration list for PBXProject "TextScan" */;
			compatibilityVersion = "Xcode 3.2";
			developmentRegion = English;
			hasScannedForEncodings = 0;
			knownRegions = (
				en,
			);
			mainGroup = 3C67E89B175F29E8003E86CB;
			productRefGroup = 3C67E8A5175F29E8003E86CB /* Products */;
			projectDirPath = "";
			projectRoot = "";
			targets = (
				3C67E8A3175F29E8003E86CB /* TextScan */,
			);
		};
/* End PBXProject section */

/* Begin PBXResourcesBuildPhase section */
		3C67E8A2175F29E8003E86CB /* Resources */ = {
			isa = PBXResourcesBuildPhase;
			buildActionMask = 2147483647;
			files = (
				3C67E8B2175F29E8003E86CB /* InfoPlist.strings in Resources */,
				3C67E8BA175F29E9003E86CB /* Default.png in Resources */,
				3C67E8BC175F29E9003E86CB /* Default@2x.png in Resources */,
				3C67E8BE175F29E9003E86CB /* Default-568h@2x.png in Resources */,
				3C67E8C4175F29E9003E86CB /* ViewController.xib in Resources */,
				3C67E97D175F360A003E86CB /* image_sample.png in Resources */,
				3C67E98A175F3AC4003E86CB /* eng.cube.bigrams in Resources */,
				3C67E993175F3AD8003E86CB /* eng.cube.lm in Resources */,
				3C67E98B175F3AC4003E86CB /* eng.cube.fold in Resources */,
				3C67E98D175F3AC4003E86CB /* eng.cube.nn in Resources */,
				3C67E98E175F3AC4003E86CB /* eng.cube.params in Resources */,
				3C67E98F175F3AC4003E86CB /* eng.cube.size in Resources */,
				3C67E990175F3AC4003E86CB /* eng.cube.word-freq in Resources */,
				3C67E991175F3AC4003E86CB /* eng.tesseract_cube.nn in Resources */,
				3C67E992175F3AC4003E86CB /* eng.traineddata in Resources */,
				3C505FF5175F91AC004B5928 /* img_button_bg.png in Resources */,
				3C505FF6175F91AC004B5928 /* img_button_bg@2x.png in Resources */,
				3C505FF9175F9635004B5928 /* img_clipboard.png in Resources */,
				3C505FFA175F9635004B5928 /* img_clipboard@2x.png in Resources */,
				3C506000175F9B56004B5928 /* icon@2x.png in Resources */,
				3C506002175F9B99004B5928 /* icon.png in Resources */,
			);
			runOnlyForDeploymentPostprocessing = 0;
		};
/* End PBXResourcesBuildPhase section */

/* Begin PBXSourcesBuildPhase section */
		3C67E8A0175F29E8003E86CB /* Sources */ = {
			isa = PBXSourcesBuildPhase;
			buildActionMask = 2147483647;
			files = (
				3C67E8B4175F29E8003E86CB /* main.m in Sources */,
				3C67E8B8175F29E8003E86CB /* AppDelegate.m in Sources */,
				3C67E8C1175F29E9003E86CB /* ViewController.m in Sources */,
				3C67E968175F3216003E86CB /* Tesseract.mm in Sources */,
			);
			runOnlyForDeploymentPostprocessing = 0;
		};
/* End PBXSourcesBuildPhase section */

/* Begin PBXVariantGroup section */
		3C67E8B0175F29E8003E86CB /* InfoPlist.strings */ = {
			isa = PBXVariantGroup;
			children = (
				3C67E8B1175F29E8003E86CB /* en */,
			);
			name = InfoPlist.strings;
			sourceTree = "<group>";
		};
		3C67E8C2175F29E9003E86CB /* ViewController.xib */ = {
			isa = PBXVariantGroup;
			children = (
				3C67E8C3175F29E9003E86CB /* en */,
			);
			name = ViewController.xib;
			sourceTree = "<group>";
		};
/* End PBXVariantGroup section */

/* Begin XCBuildConfiguration section */
		3C67E8C5175F29E9003E86CB /* Debug */ = {
			isa = XCBuildConfiguration;
			buildSettings = {
				ALWAYS_SEARCH_USER_PATHS = NO;
				CLANG_CXX_LANGUAGE_STANDARD = "gnu++0x";
				CLANG_CXX_LIBRARY = "compiler-default";
				CLANG_ENABLE_OBJC_ARC = YES;
				CLANG_WARN_CONSTANT_CONVERSION = YES;
				CLANG_WARN_EMPTY_BODY = YES;
				CLANG_WARN_ENUM_CONVERSION = YES;
				CLANG_WARN_INT_CONVERSION = YES;
				CLANG_WARN__DUPLICATE_METHOD_MATCH = YES;
				CODE_SIGN_IDENTITY = "iPhone Developer: Albert Nadal Garriga (2PGPYWC393)";
				"CODE_SIGN_IDENTITY[sdk=iphoneos*]" = "iPhone Developer: Albert Nadal Garriga (2PGPYWC393)";
				COPY_PHASE_STRIP = NO;
				EXCLUDED_RECURSIVE_SEARCH_PATH_SUBDIRECTORIES = "*.nib *.lproj *.framework *.gch *.xcode* (*) .DS_Store CVS .svn .git .hg .lm";
				GCC_C_LANGUAGE_STANDARD = gnu99;
				GCC_DYNAMIC_NO_PIC = NO;
				GCC_OPTIMIZATION_LEVEL = 3;
				GCC_PREPROCESSOR_DEFINITIONS = (
					"DEBUG=1",
					"$(inherited)",
				);
				GCC_SYMBOLS_PRIVATE_EXTERN = NO;
				GCC_WARN_ABOUT_RETURN_TYPE = YES;
				GCC_WARN_UNINITIALIZED_AUTOS = YES;
				GCC_WARN_UNUSED_VARIABLE = YES;
				HEADER_SEARCH_PATHS = (
					"$(CONTENTS_FOLDER_PATH)/tesseract-ios-lib/include/tesseract",
					"$(CONTENTS_FOLDER_PATH)/tesseract-ios-lib/include/leptonica",
				);
				IPHONEOS_DEPLOYMENT_TARGET = 6.1;
				ONLY_ACTIVE_ARCH = YES;
				PROVISIONING_PROFILE = "17A3B489-60DB-46E1-848A-92111AEEE56D";
				"PROVISIONING_PROFILE[sdk=iphoneos*]" = "17A3B489-60DB-46E1-848A-92111AEEE56D";
				SDKROOT = iphoneos;
			};
			name = Debug;
		};
		3C67E8C6175F29E9003E86CB /* Release */ = {
			isa = XCBuildConfiguration;
			buildSettings = {
				ALWAYS_SEARCH_USER_PATHS = NO;
				CLANG_CXX_LANGUAGE_STANDARD = "gnu++0x";
				CLANG_CXX_LIBRARY = "compiler-default";
				CLANG_ENABLE_OBJC_ARC = YES;
				CLANG_WARN_CONSTANT_CONVERSION = YES;
				CLANG_WARN_EMPTY_BODY = YES;
				CLANG_WARN_ENUM_CONVERSION = YES;
				CLANG_WARN_INT_CONVERSION = YES;
				CLANG_WARN__DUPLICATE_METHOD_MATCH = YES;
				CODE_SIGN_IDENTITY = "iPhone Developer: Albert Nadal Garriga (2PGPYWC393)";
				"CODE_SIGN_IDENTITY[sdk=iphoneos*]" = "iPhone Developer";
				COPY_PHASE_STRIP = YES;
				GCC_C_LANGUAGE_STANDARD = gnu99;
				GCC_OPTIMIZATION_LEVEL = 3;
				GCC_WARN_ABOUT_RETURN_TYPE = YES;
				GCC_WARN_UNINITIALIZED_AUTOS = YES;
				GCC_WARN_UNUSED_VARIABLE = YES;
				IPHONEOS_DEPLOYMENT_TARGET = 6.1;
				OTHER_CFLAGS = "-DNS_BLOCK_ASSERTIONS=1";
				PROVISIONING_PROFILE = "17A3B489-60DB-46E1-848A-92111AEEE56D";
				SDKROOT = iphoneos;
				VALIDATE_PRODUCT = YES;
			};
			name = Release;
		};
		3C67E8C8175F29E9003E86CB /* Debug */ = {
			isa = XCBuildConfiguration;
			buildSettings = {
				CODE_SIGN_IDENTITY = "iPhone Developer: Albert Nadal Garriga (2PGPYWC393)";
				EXCLUDED_RECURSIVE_SEARCH_PATH_SUBDIRECTORIES = "*.nib *.lproj *.framework *.gch (*) .DS_Store CVS .svn .git .hg *.xcodeproj *.xcode *.pbproj *.pbxproj *.lm";
				GCC_OPTIMIZATION_LEVEL = 3;
				GCC_PRECOMPILE_PREFIX_HEADER = YES;
				GCC_PREFIX_HEADER = "tesseract/TextScan-Prefix.pch";
				HEADER_SEARCH_PATHS = (
					"$(CONTENTS_FOLDER_PATH)/tesseract-ios-lib/include/tesseract",
					"$(CONTENTS_FOLDER_PATH)/tesseract-ios-lib/include/leptonica",
				);
				INFOPLIST_FILE = "tesseract/TextScan-Info.plist";
				IPHONEOS_DEPLOYMENT_TARGET = 6.0;
				LIBRARY_SEARCH_PATHS = (
					"$(inherited)",
					"\"$(SRCROOT)/tesseract/tesseract-ios-lib/lib\"",
				);
				PRODUCT_NAME = TextScan;
				PROVISIONING_PROFILE = "17A3B489-60DB-46E1-848A-92111AEEE56D";
				WRAPPER_EXTENSION = app;
			};
			name = Debug;
		};
		3C67E8C9175F29E9003E86CB /* Release */ = {
			isa = XCBuildConfiguration;
			buildSettings = {
				CODE_SIGN_IDENTITY = "iPhone Developer: Albert Nadal Garriga (2PGPYWC393)";
				GCC_OPTIMIZATION_LEVEL = 3;
				GCC_PRECOMPILE_PREFIX_HEADER = YES;
				GCC_PREFIX_HEADER = "tesseract/TextScan-Prefix.pch";
				HEADER_SEARCH_PATHS = (
					"$(CONTENTS_FOLDER_PATH)/tesseract-ios-lib/include/tesseract",
					"$(CONTENTS_FOLDER_PATH)/tesseract-ios-lib/include/leptonica",
				);
				INFOPLIST_FILE = "tesseract/TextScan-Info.plist";
				IPHONEOS_DEPLOYMENT_TARGET = 6.0;
				LIBRARY_SEARCH_PATHS = (
					"$(inherited)",
					"\"$(SRCROOT)/tesseract/tesseract-ios-lib/lib\"",
				);
				PRODUCT_NAME = TextScan;
				PROVISIONING_PROFILE = "17A3B489-60DB-46E1-848A-92111AEEE56D";
				WRAPPER_EXTENSION = app;
			};
			name = Release;
		};
/* End XCBuildConfiguration section */

/* Begin XCConfigurationList section */
		3C67E89F175F29E8003E86CB /* Build configuration list for PBXProject "TextScan" */ = {
			isa = XCConfigurationList;
			buildConfigurations = (
				3C67E8C5175F29E9003E86CB /* Debug */,
				3C67E8C6175F29E9003E86CB /* Release */,
			);
			defaultConfigurationIsVisible = 0;
			defaultConfigurationName = Release;
		};
		3C67E8C7175F29E9003E86CB /* Build configuration list for PBXNativeTarget "TextScan" */ = {
			isa = XCConfigurationList;
			buildConfigurations = (
				3C67E8C8175F29E9003E86CB /* Debug */,
				3C67E8C9175F29E9003E86CB /* Release */,
			);
			defaultConfigurationIsVisible = 0;
			defaultConfigurationName = Release;
		};
/* End XCConfigurationList section */
	};
	rootObject = 3C67E89C175F29E8003E86CB /* Project object */;
}
